
Microsoft Visual Studio Solution File, Format Version 12.00
# Visual Studio Version 17
VisualStudioVersion = 17.10.34928.147
MinimumVisualStudioVersion = 10.0.40219.1
Project("{9A19103F-16F7-4668-BE54-9A1E7A4F7556}") = "Domain", "Domain\Domain.csproj", "{5C6DB76B-3706-4EFA-8C8C-33A06D7D27D6}"
EndProject
Project("{9A19103F-16F7-4668-BE54-9A1E7A4F7556}") = "Application", "Application\Application.csproj", "{93523F74-CF9E-470D-B2EB-C741646A26AF}"
	ProjectSection(ProjectDependencies) = postProject
		{5C6DB76B-3706-4EFA-8C8C-33A06D7D27D6} = {5C6DB76B-3706-4EFA-8C8C-33A06D7D27D6}
	EndProjectSection
EndProject
Project("{9A19103F-16F7-4668-BE54-9A1E7A4F7556}") = "Infrastructure", "Infrastructure\Infrastructure.csproj", "{473F5A96-9A5D-4401-9A4F-79782118F70E}"
	ProjectSection(ProjectDependencies) = postProject
		{5C6DB76B-3706-4EFA-8C8C-33A06D7D27D6} = {5C6DB76B-3706-4EFA-8C8C-33A06D7D27D6}
		{93523F74-CF9E-470D-B2EB-C741646A26AF} = {93523F74-CF9E-470D-B2EB-C741646A26AF}
	EndProjectSection
EndProject
Project("{9A19103F-16F7-4668-BE54-9A1E7A4F7556}") = "WebApi", "WebApi\WebApi.csproj", "{DFCBF08F-CD5C-4818-8346-E8E312B8C9F4}"
	ProjectSection(ProjectDependencies) = postProject
		{93523F74-CF9E-470D-B2EB-C741646A26AF} = {93523F74-CF9E-470D-B2EB-C741646A26AF}
	EndProjectSection
EndProject
Project("{2150E333-8FDC-42A3-9474-1A3956D46DE8}") = "src", "src", "{6B9643D4-0464-4872-B1C6-AAF6528A315C}"
EndProject
Project("{2150E333-8FDC-42A3-9474-1A3956D46DE8}") = "tests", "tests", "{468267DB-6F3B-4B63-B404-5DA0B09A120F}"
EndProject
Project("{FAE04EC0-301F-11D3-BF4B-00C04F79EFBC}") = "UnitTests", "tests\UnitTests\UnitTests.csproj", "{7E7FDE41-CCD7-4CEB-8CEC-E4E7A3FC79E8}"
EndProject
Project("{2150E333-8FDC-42A3-9474-1A3956D46DE8}") = "SolutionItems", "SolutionItems", "{FEE25900-7CB1-4F99-87CB-EB0F21036313}"
	ProjectSection(SolutionItems) = preProject
		README.md = README.md
	EndProjectSection
EndProject
Global
	GlobalSection(SolutionConfigurationPlatforms) = preSolution
		Debug|Any CPU = Debug|Any CPU
		Release|Any CPU = Release|Any CPU
	EndGlobalSection
	GlobalSection(ProjectConfigurationPlatforms) = postSolution
		{5C6DB76B-3706-4EFA-8C8C-33A06D7D27D6}.Debug|Any CPU.ActiveCfg = Debug|Any CPU
		{5C6DB76B-3706-4EFA-8C8C-33A06D7D27D6}.Debug|Any CPU.Build.0 = Debug|Any CPU
		{5C6DB76B-3706-4EFA-8C8C-33A06D7D27D6}.Release|Any CPU.ActiveCfg = Release|Any CPU
		{5C6DB76B-3706-4EFA-8C8C-33A06D7D27D6}.Release|Any CPU.Build.0 = Release|Any CPU
		{93523F74-CF9E-470D-B2EB-C741646A26AF}.Debug|Any CPU.ActiveCfg = Debug|Any CPU
		{93523F74-CF9E-470D-B2EB-C741646A26AF}.Debug|Any CPU.Build.0 = Debug|Any CPU
		{93523F74-CF9E-470D-B2EB-C741646A26AF}.Release|Any CPU.ActiveCfg = Release|Any CPU
		{93523F74-CF9E-470D-B2EB-C741646A26AF}.Release|Any CPU.Build.0 = Release|Any CPU
		{473F5A96-9A5D-4401-9A4F-79782118F70E}.Debug|Any CPU.ActiveCfg = Debug|Any CPU
		{473F5A96-9A5D-4401-9A4F-79782118F70E}.Debug|Any CPU.Build.0 = Debug|Any CPU
		{473F5A96-9A5D-4401-9A4F-79782118F70E}.Release|Any CPU.ActiveCfg = Release|Any CPU
		{473F5A96-9A5D-4401-9A4F-79782118F70E}.Release|Any CPU.Build.0 = Release|Any CPU
		{DFCBF08F-CD5C-4818-8346-E8E312B8C9F4}.Debug|Any CPU.ActiveCfg = Debug|Any CPU
		{DFCBF08F-CD5C-4818-8346-E8E312B8C9F4}.Debug|Any CPU.Build.0 = Debug|Any CPU
		{DFCBF08F-CD5C-4818-8346-E8E312B8C9F4}.Release|Any CPU.ActiveCfg = Release|Any CPU
		{DFCBF08F-CD5C-4818-8346-E8E312B8C9F4}.Release|Any CPU.Build.0 = Release|Any CPU
		{7E7FDE41-CCD7-4CEB-8CEC-E4E7A3FC79E8}.Debug|Any CPU.ActiveCfg = Debug|Any CPU
		{7E7FDE41-CCD7-4CEB-8CEC-E4E7A3FC79E8}.Debug|Any CPU.Build.0 = Debug|Any CPU
		{7E7FDE41-CCD7-4CEB-8CEC-E4E7A3FC79E8}.Release|Any CPU.ActiveCfg = Release|Any CPU
		{7E7FDE41-CCD7-4CEB-8CEC-E4E7A3FC79E8}.Release|Any CPU.Build.0 = Release|Any CPU
	EndGlobalSection
	GlobalSection(SolutionProperties) = preSolution
		HideSolutionNode = FALSE
	EndGlobalSection
	GlobalSection(NestedProjects) = preSolution
		{5C6DB76B-3706-4EFA-8C8C-33A06D7D27D6} = {6B9643D4-0464-4872-B1C6-AAF6528A315C}
		{93523F74-CF9E-470D-B2EB-C741646A26AF} = {6B9643D4-0464-4872-B1C6-AAF6528A315C}
		{473F5A96-9A5D-4401-9A4F-79782118F70E} = {6B9643D4-0464-4872-B1C6-AAF6528A315C}
		{DFCBF08F-CD5C-4818-8346-E8E312B8C9F4} = {6B9643D4-0464-4872-B1C6-AAF6528A315C}
		{7E7FDE41-CCD7-4CEB-8CEC-E4E7A3FC79E8} = {468267DB-6F3B-4B63-B404-5DA0B09A120F}
	EndGlobalSection
	GlobalSection(ExtensibilityGlobals) = postSolution
		SolutionGuid = {3CF6F45F-3453-43E4-9166-28D71145F37A}
	EndGlobalSection
EndGlobal
